{
  "name": "parcel-test",
  "version": "1.0.0",
  "lockfileVersion": 1,
  "requires": true,
  "dependencies": {
    "preact": {
      "version": "8.2.7",
      "resolved": "http://registry.npm.taobao.org/preact/download/preact-8.2.7.tgz",
      "integrity": "sha1-MWJJ+2eM1ek+fO5jzqe/ti29aBQ="
    },
    "typescript": {
      "version": "2.8.1",
      "resolved": "http://registry.npm.taobao.org/typescript/download/typescript-2.8.1.tgz",
      "integrity": "sha1-YWDk+PGV1bqB1IdvnAzB+8CCBiQ=",
      "dev": true
    }
  }
}
